Microsoft Visual Studio Solution File, Format Version 12.00
# Visual Studio Version 17
VisualStudioVersion = 17.5.2.0
MinimumVisualStudioVersion = 10.0.40219.1
Project("{FAE04EC0-301F-11D3-BF4B-00C04F79EFBC}") = "OptimizedProject", "OptimizedProject\OptimizedProject.csproj", "{5C84B6E2-DEA1-DCC8-3A9E-69A97CF2A025}"
EndProject
Global
	GlobalSection(SolutionConfigurationPlatforms) = preSolution
		Debug|Any CPU = Debug|Any CPU
		Release|Any CPU = Release|Any CPU
	EndGlobalSection
	GlobalSection(ProjectConfigurationPlatforms) = postSolution
		{5C84B6E2-DEA1-DCC8-3A9E-69A97CF2A025}.Debug|Any CPU.ActiveCfg = Debug|Any CPU
		{5C84B6E2-DEA1-DCC8-3A9E-69A97CF2A025}.Debug|Any CPU.Build.0 = Debug|Any CPU
		{5C84B6E2-DEA1-DCC8-3A9E-69A97CF2A025}.Release|Any CPU.ActiveCfg = Release|Any CPU
		{5C84B6E2-DEA1-DCC8-3A9E-69A97CF2A025}.Release|Any CPU.Build.0 = Release|Any CPU
	EndGlobalSection
	GlobalSection(SolutionProperties) = preSolution
		HideSolutionNode = FALSE
	EndGlobalSection
	GlobalSection(ExtensibilityGlobals) = postSolution
		SolutionGuid = {C58D1D3F-0E9B-4003-BFCB-BF203196F402}
	EndGlobalSection
EndGlobal
